
Microsoft Visual Studio Solution File, Format Version 12.00
# Visual Studio 14
VisualStudioVersion = 14.0.25420.1
MinimumVisualStudioVersion = 10.0.40219.1
Project("{FAE04EC0-301F-11D3-BF4B-00C04F79EFBC}") = "Puzzle1", "Puzzle1\Puzzle1.csproj", "{3A606B82-6FBD-4C3F-9433-2EE8F6829C7C}"
EndProject
Project("{FAE04EC0-301F-11D3-BF4B-00C04F79EFBC}") = "Puzzle2", "Puzzle2\Puzzle2.csproj", "{11C9EA3A-D511-4E4D-8579-D8E9C7373F16}"
EndProject
Project("{FAE04EC0-301F-11D3-BF4B-00C04F79EFBC}") = "Puzzle3", "Puzzle3\Puzzle3.csproj", "{63E308D5-D7E7-43AE-A54A-A5FFAB1F6F16}"
EndProject
Project("{FAE04EC0-301F-11D3-BF4B-00C04F79EFBC}") = "Puzzle4", "Puzzle4\Puzzle4.csproj", "{8DE53BEC-5F11-46D5-A13B-1CD2045D91DA}"
EndProject
Project("{FAE04EC0-301F-11D3-BF4B-00C04F79EFBC}") = "Puzzle5", "Puzzle5\Puzzle5.csproj", "{31CAAC50-C464-48A8-9763-E1DAC3149DB8}"
EndProject
Project("{FAE04EC0-301F-11D3-BF4B-00C04F79EFBC}") = "Puzzle6", "Puzzle6\Puzzle6.csproj", "{486C4CAD-C035-4D58-96AB-F25AA375F5F7}"
EndProject
Project("{FAE04EC0-301F-11D3-BF4B-00C04F79EFBC}") = "Puzzle7", "Puzzle7\Puzzle7.csproj", "{480B76A6-5E76-44F2-A05F-E572A9724192}"
EndProject
Project("{FAE04EC0-301F-11D3-BF4B-00C04F79EFBC}") = "Puzzle8", "Puzzle8\Puzzle8.csproj", "{555109BB-83AC-4D08-B713-EC4ECD9CDAD2}"
EndProject
Project("{FAE04EC0-301F-11D3-BF4B-00C04F79EFBC}") = "Puzzle9", "Puzzle9\Puzzle9.csproj", "{1814A9A1-FA8F-433E-B49D-4989467FDE27}"
EndProject
Project("{FAE04EC0-301F-11D3-BF4B-00C04F79EFBC}") = "Puzzle10", "Puzzle10\Puzzle10.csproj", "{AAFB14B6-9D3D-4C1C-8CB5-54470A729D81}"
EndProject
Project("{FAE04EC0-301F-11D3-BF4B-00C04F79EFBC}") = "Puzzle11", "Puzzle11\Puzzle11.csproj", "{96936512-50AC-495F-BE9D-6B390C97BBA2}"
EndProject
Project("{FAE04EC0-301F-11D3-BF4B-00C04F79EFBC}") = "Puzzle12", "Puzzle12\Puzzle12.csproj", "{4EF67111-BA8D-40CD-B118-793EEAC938AA}"
EndProject
Global
	GlobalSection(Performance) = preSolution
		HasPerformanceSessions = true
	EndGlobalSection
	GlobalSection(SolutionConfigurationPlatforms) = preSolution
		Debug|Any CPU = Debug|Any CPU
		Release|Any CPU = Release|Any CPU
	EndGlobalSection
	GlobalSection(ProjectConfigurationPlatforms) = postSolution
		{3A606B82-6FBD-4C3F-9433-2EE8F6829C7C}.Debug|Any CPU.ActiveCfg = Debug|Any CPU
		{3A606B82-6FBD-4C3F-9433-2EE8F6829C7C}.Debug|Any CPU.Build.0 = Debug|Any CPU
		{3A606B82-6FBD-4C3F-9433-2EE8F6829C7C}.Release|Any CPU.ActiveCfg = Release|Any CPU
		{3A606B82-6FBD-4C3F-9433-2EE8F6829C7C}.Release|Any CPU.Build.0 = Release|Any CPU
		{11C9EA3A-D511-4E4D-8579-D8E9C7373F16}.Debug|Any CPU.ActiveCfg = Debug|Any CPU
		{11C9EA3A-D511-4E4D-8579-D8E9C7373F16}.Debug|Any CPU.Build.0 = Debug|Any CPU
		{11C9EA3A-D511-4E4D-8579-D8E9C7373F16}.Release|Any CPU.ActiveCfg = Release|Any CPU
		{11C9EA3A-D511-4E4D-8579-D8E9C7373F16}.Release|Any CPU.Build.0 = Release|Any CPU
		{63E308D5-D7E7-43AE-A54A-A5FFAB1F6F16}.Debug|Any CPU.ActiveCfg = Debug|Any CPU
		{63E308D5-D7E7-43AE-A54A-A5FFAB1F6F16}.Debug|Any CPU.Build.0 = Debug|Any CPU
		{63E308D5-D7E7-43AE-A54A-A5FFAB1F6F16}.Release|Any CPU.ActiveCfg = Release|Any CPU
		{63E308D5-D7E7-43AE-A54A-A5FFAB1F6F16}.Release|Any CPU.Build.0 = Release|Any CPU
		{8DE53BEC-5F11-46D5-A13B-1CD2045D91DA}.Debug|Any CPU.ActiveCfg = Debug|Any CPU
		{8DE53BEC-5F11-46D5-A13B-1CD2045D91DA}.Debug|Any CPU.Build.0 = Debug|Any CPU
		{8DE53BEC-5F11-46D5-A13B-1CD2045D91DA}.Release|Any CPU.ActiveCfg = Release|Any CPU
		{8DE53BEC-5F11-46D5-A13B-1CD2045D91DA}.Release|Any CPU.Build.0 = Release|Any CPU
		{31CAAC50-C464-48A8-9763-E1DAC3149DB8}.Debug|Any CPU.ActiveCfg = Debug|Any CPU
		{31CAAC50-C464-48A8-9763-E1DAC3149DB8}.Debug|Any CPU.Build.0 = Debug|Any CPU
		{31CAAC50-C464-48A8-9763-E1DAC3149DB8}.Release|Any CPU.ActiveCfg = Release|Any CPU
		{31CAAC50-C464-48A8-9763-E1DAC3149DB8}.Release|Any CPU.Build.0 = Release|Any CPU
		{486C4CAD-C035-4D58-96AB-F25AA375F5F7}.Debug|Any CPU.ActiveCfg = Debug|Any CPU
		{486C4CAD-C035-4D58-96AB-F25AA375F5F7}.Debug|Any CPU.Build.0 = Debug|Any CPU
		{486C4CAD-C035-4D58-96AB-F25AA375F5F7}.Release|Any CPU.ActiveCfg = Release|Any CPU
		{486C4CAD-C035-4D58-96AB-F25AA375F5F7}.Release|Any CPU.Build.0 = Release|Any CPU
		{480B76A6-5E76-44F2-A05F-E572A9724192}.Debug|Any CPU.ActiveCfg = Debug|Any CPU
		{480B76A6-5E76-44F2-A05F-E572A9724192}.Debug|Any CPU.Build.0 = Debug|Any CPU
		{480B76A6-5E76-44F2-A05F-E572A9724192}.Release|Any CPU.ActiveCfg = Release|Any CPU
		{480B76A6-5E76-44F2-A05F-E572A9724192}.Release|Any CPU.Build.0 = Release|Any CPU
		{555109BB-83AC-4D08-B713-EC4ECD9CDAD2}.Debug|Any CPU.ActiveCfg = Debug|Any CPU
		{555109BB-83AC-4D08-B713-EC4ECD9CDAD2}.Debug|Any CPU.Build.0 = Debug|Any CPU
		{555109BB-83AC-4D08-B713-EC4ECD9CDAD2}.Release|Any CPU.ActiveCfg = Release|Any CPU
		{555109BB-83AC-4D08-B713-EC4ECD9CDAD2}.Release|Any CPU.Build.0 = Release|Any CPU
		{1814A9A1-FA8F-433E-B49D-4989467FDE27}.Debug|Any CPU.ActiveCfg = Debug|Any CPU
		{1814A9A1-FA8F-433E-B49D-4989467FDE27}.Debug|Any CPU.Build.0 = Debug|Any CPU
		{1814A9A1-FA8F-433E-B49D-4989467FDE27}.Release|Any CPU.ActiveCfg = Release|Any CPU
		{1814A9A1-FA8F-433E-B49D-4989467FDE27}.Release|Any CPU.Build.0 = Release|Any CPU
		{AAFB14B6-9D3D-4C1C-8CB5-54470A729D81}.Debug|Any CPU.ActiveCfg = Debug|Any CPU
		{AAFB14B6-9D3D-4C1C-8CB5-54470A729D81}.Debug|Any CPU.Build.0 = Debug|Any CPU
		{AAFB14B6-9D3D-4C1C-8CB5-54470A729D81}.Release|Any CPU.ActiveCfg = Release|Any CPU
		{AAFB14B6-9D3D-4C1C-8CB5-54470A729D81}.Release|Any CPU.Build.0 = Release|Any CPU
		{96936512-50AC-495F-BE9D-6B390C97BBA2}.Debug|Any CPU.ActiveCfg = Debug|Any CPU
		{96936512-50AC-495F-BE9D-6B390C97BBA2}.Debug|Any CPU.Build.0 = Debug|Any CPU
		{96936512-50AC-495F-BE9D-6B390C97BBA2}.Release|Any CPU.ActiveCfg = Release|Any CPU
		{96936512-50AC-495F-BE9D-6B390C97BBA2}.Release|Any CPU.Build.0 = Release|Any CPU
		{4EF67111-BA8D-40CD-B118-793EEAC938AA}.Debug|Any CPU.ActiveCfg = Debug|Any CPU
		{4EF67111-BA8D-40CD-B118-793EEAC938AA}.Debug|Any CPU.Build.0 = Debug|Any CPU
		{4EF67111-BA8D-40CD-B118-793EEAC938AA}.Release|Any CPU.ActiveCfg = Release|Any CPU
		{4EF67111-BA8D-40CD-B118-793EEAC938AA}.Release|Any CPU.Build.0 = Release|Any CPU
	EndGlobalSection
	GlobalSection(SolutionProperties) = preSolution
		HideSolutionNode = FALSE
	EndGlobalSection
EndGlobal
