
Microsoft Visual Studio Solution File, Format Version 12.00
# Visual Studio 14
VisualStudioVersion = 14.0.25420.1
MinimumVisualStudioVersion = 10.0.40219.1
Project("{FAE04EC0-301F-11D3-BF4B-00C04F79EFBC}") = "Puzzle1", "Puzzle1\Puzzle1.csproj", "{3A606B82-6FBD-4C3F-9433-2EE8F6829C7C}"
EndProject
Project("{FAE04EC0-301F-11D3-BF4B-00C04F79EFBC}") = "Puzzle2", "Puzzle2\Puzzle2.csproj", "{11C9EA3A-D511-4E4D-8579-D8E9C7373F16}"
EndProject
Project("{FAE04EC0-301F-11D3-BF4B-00C04F79EFBC}") = "Puzzle3", "Puzzle3\Puzzle3.csproj", "{63E308D5-D7E7-43AE-A54A-A5FFAB1F6F16}"
EndProject
Project("{FAE04EC0-301F-11D3-BF4B-00C04F79EFBC}") = "Puzzle4", "Puzzle4\Puzzle4.csproj", "{8DE53BEC-5F11-46D5-A13B-1CD2045D91DA}"
EndProject
Global
	GlobalSection(SolutionConfigurationPlatforms) = preSolution
		Debug|Any CPU = Debug|Any CPU
		Release|Any CPU = Release|Any CPU
	EndGlobalSection
	GlobalSection(ProjectConfigurationPlatforms) = postSolution
		{3A606B82-6FBD-4C3F-9433-2EE8F6829C7C}.Debug|Any CPU.ActiveCfg = Debug|Any CPU
		{3A606B82-6FBD-4C3F-9433-2EE8F6829C7C}.Debug|Any CPU.Build.0 = Debug|Any CPU
		{3A606B82-6FBD-4C3F-9433-2EE8F6829C7C}.Release|Any CPU.ActiveCfg = Release|Any CPU
		{3A606B82-6FBD-4C3F-9433-2EE8F6829C7C}.Release|Any CPU.Build.0 = Release|Any CPU
		{11C9EA3A-D511-4E4D-8579-D8E9C7373F16}.Debug|Any CPU.ActiveCfg = Debug|Any CPU
		{11C9EA3A-D511-4E4D-8579-D8E9C7373F16}.Debug|Any CPU.Build.0 = Debug|Any CPU
		{11C9EA3A-D511-4E4D-8579-D8E9C7373F16}.Release|Any CPU.ActiveCfg = Release|Any CPU
		{11C9EA3A-D511-4E4D-8579-D8E9C7373F16}.Release|Any CPU.Build.0 = Release|Any CPU
		{63E308D5-D7E7-43AE-A54A-A5FFAB1F6F16}.Debug|Any CPU.ActiveCfg = Debug|Any CPU
		{63E308D5-D7E7-43AE-A54A-A5FFAB1F6F16}.Debug|Any CPU.Build.0 = Debug|Any CPU
		{63E308D5-D7E7-43AE-A54A-A5FFAB1F6F16}.Release|Any CPU.ActiveCfg = Release|Any CPU
		{63E308D5-D7E7-43AE-A54A-A5FFAB1F6F16}.Release|Any CPU.Build.0 = Release|Any CPU
		{8DE53BEC-5F11-46D5-A13B-1CD2045D91DA}.Debug|Any CPU.ActiveCfg = Debug|Any CPU
		{8DE53BEC-5F11-46D5-A13B-1CD2045D91DA}.Debug|Any CPU.Build.0 = Debug|Any CPU
		{8DE53BEC-5F11-46D5-A13B-1CD2045D91DA}.Release|Any CPU.ActiveCfg = Release|Any CPU
		{8DE53BEC-5F11-46D5-A13B-1CD2045D91DA}.Release|Any CPU.Build.0 = Release|Any CPU
	EndGlobalSection
	GlobalSection(SolutionProperties) = preSolution
		HideSolutionNode = FALSE
	EndGlobalSection
EndGlobal
